{
  "version": 4,
  "terraform_version": "0.12.24",
  "serial": 13,
  "lineage": "81e6bb11-d978-d1f4-3ef1-f3a9b572a55d",
  "outputs": {
    "targetgroup_arn": {
      "value": "arn:aws:elasticloadbalancing:ap-south-1:140839674073:targetgroup/mytargetset/809ec28fa5f7ce45",
      "type": "string"
    }
  },
  "resources": [
    {
      "mode": "managed",
      "type": "aws_alb_listener",
      "name": "listener_http",
      "provider": "provider.aws",
      "instances": [
        {
          "schema_version": 0,
          "attributes": {
            "alpn_policy": null,
            "arn": "arn:aws:elasticloadbalancing:ap-south-1:140839674073:listener/app/harshad/29f30665206d2364/238ad5195d1dad25",
            "certificate_arn": null,
            "default_action": [
              {
                "authenticate_cognito": [],
                "authenticate_oidc": [],
                "fixed_response": [],
                "forward": [],
                "order": 1,
                "redirect": [],
                "target_group_arn": "arn:aws:elasticloadbalancing:ap-south-1:140839674073:targetgroup/mytargetset/809ec28fa5f7ce45",
                "type": "forward"
              }
            ],
            "id": "arn:aws:elasticloadbalancing:ap-south-1:140839674073:listener/app/harshad/29f30665206d2364/238ad5195d1dad25",
            "load_balancer_arn": "arn:aws:elasticloadbalancing:ap-south-1:140839674073:loadbalancer/app/harshad/29f30665206d2364",
            "port": 80,
            "protocol": "HTTP",
            "ssl_policy": "",
            "timeouts": null
          },
          "private": "eyJlMmJmYjczMC1lY2FhLTExZTYtOGY4OC0zNDM2M2JjN2M0YzAiOnsicmVhZCI6NjAwMDAwMDAwMDAwfX0=",
          "dependencies": [
            "aws_lb.alb",
            "aws_lb_target_group.my-group"
          ]
        }
      ]
    },
    {
      "mode": "managed",
      "type": "aws_lb",
      "name": "alb",
      "provider": "provider.aws",
      "instances": [
        {
          "schema_version": 0,
          "attributes": {
            "access_logs": [
              {
                "bucket": "",
                "enabled": false,
                "prefix": ""
              }
            ],
            "arn": "arn:aws:elasticloadbalancing:ap-south-1:140839674073:loadbalancer/app/harshad/29f30665206d2364",
            "arn_suffix": "app/harshad/29f30665206d2364",
            "customer_owned_ipv4_pool": "",
            "dns_name": "harshad-392709698.ap-south-1.elb.amazonaws.com",
            "drop_invalid_header_fields": false,
            "enable_cross_zone_load_balancing": null,
            "enable_deletion_protection": false,
            "enable_http2": true,
            "id": "arn:aws:elasticloadbalancing:ap-south-1:140839674073:loadbalancer/app/harshad/29f30665206d2364",
            "idle_timeout": 60,
            "internal": false,
            "ip_address_type": "ipv4",
            "load_balancer_type": "application",
            "name": "harshad",
            "name_prefix": null,
            "security_groups": [
              "sg-08c51f47131704c99"
            ],
            "subnet_mapping": [
              {
                "allocation_id": "",
                "ipv6_address": "",
                "outpost_id": "",
                "private_ipv4_address": "",
                "subnet_id": "subnet-168aff5a"
              },
              {
                "allocation_id": "",
                "ipv6_address": "",
                "outpost_id": "",
                "private_ipv4_address": "",
                "subnet_id": "subnet-b15ee1ca"
              }
            ],
            "subnets": [
              "subnet-168aff5a",
              "subnet-b15ee1ca"
            ],
            "tags": {
              "Name": "terraform-example-alb"
            },
            "timeouts": null,
            "vpc_id": "vpc-a50b15cd",
            "zone_id": "ZP97RAFLXTNZK"
          },
          "private": "eyJlMmJmYjczMC1lY2FhLTExZTYtOGY4OC0zNDM2M2JjN2M0YzAiOnsiY3JlYXRlIjo2MDAwMDAwMDAwMDAsImRlbGV0ZSI6NjAwMDAwMDAwMDAwLCJ1cGRhdGUiOjYwMDAwMDAwMDAwMH19"
        }
      ]
    },
    {
      "mode": "managed",
      "type": "aws_lb_target_group",
      "name": "my-group",
      "provider": "provider.aws",
      "instances": [
        {
          "schema_version": 0,
          "attributes": {
            "arn": "arn:aws:elasticloadbalancing:ap-south-1:140839674073:targetgroup/mytargetset/809ec28fa5f7ce45",
            "arn_suffix": "targetgroup/mytargetset/809ec28fa5f7ce45",
            "deregistration_delay": 300,
            "health_check": [
              {
                "enabled": true,
                "healthy_threshold": 5,
                "interval": 10,
                "matcher": "200",
                "path": "/",
                "port": "traffic-port",
                "protocol": "HTTP",
                "timeout": 5,
                "unhealthy_threshold": 2
              }
            ],
            "id": "arn:aws:elasticloadbalancing:ap-south-1:140839674073:targetgroup/mytargetset/809ec28fa5f7ce45",
            "lambda_multi_value_headers_enabled": false,
            "load_balancing_algorithm_type": "round_robin",
            "name": "mytargetset",
            "name_prefix": null,
            "port": 80,
            "preserve_client_ip": null,
            "protocol": "HTTP",
            "protocol_version": "HTTP1",
            "proxy_protocol_v2": false,
            "slow_start": 0,
            "stickiness": [
              {
                "cookie_duration": 86400,
                "enabled": false,
                "type": "lb_cookie"
              }
            ],
            "tags": null,
            "target_type": "instance",
            "vpc_id": "vpc-a50b15cd"
          },
          "private": "bnVsbA=="
        }
      ]
    }
  ]
}
