{
  "version": 4,
  "terraform_version": "0.12.24",
  "serial": 5,
  "lineage": "bd4250e1-5c8d-2a1a-7765-75ba00c9e226",
  "outputs": {
    "endpoint": {
      "value": "https://17964AC1002B247B6E9E02F9771D2C05.gr7.ap-south-1.eks.amazonaws.com",
      "type": "string"
    },
    "kubeconfig-certificate-authority-data": {
      "value": "LS0tLS1CRUdJTiBDRVJUSUZJQ0FURS0tLS0tCk1JSUM1ekNDQWMrZ0F3SUJBZ0lCQURBTkJna3Foa2lHOXcwQkFRc0ZBREFWTVJNd0VRWURWUVFERXdwcmRXSmwKY201bGRHVnpNQjRYRFRJeE1EY3hNVEV4TURjMU5Gb1hEVE14TURjd09URXhNRGMxTkZvd0ZURVRNQkVHQTFVRQpBeE1LYTNWaVpYSnVaWFJsY3pDQ0FTSXdEUVlKS29aSWh2Y05BUUVCQlFBRGdnRVBBRENDQVFvQ2dnRUJBTUpQCkdqekRBYUlVMDF6V0hmMlRqQzd3MjBkVUNEeXg1cWl1cC9IeUJPWUFHem9RTW9QRytnNVlGMExKK2Jtb1dzMFgKb1dvTGdxbzdheHovVzRKQ1pUTXkrdUlnaEhQV3F4Rk8rTkFGbGh4c0l6RHRQdytrS2o1Q0RjMkEzaVNxN0lOQQpJZ3p5eGZyOVFTcm5KdHZKb2l4ZEZCUEVtYU9wY3BrMk83SXR5TzMvODRCKzhmT0FYa1N4ekgzeXBuREpLOFBNCnV5ejE5YzRkdHpPVElYbVRKUWlWU29udEhyUW5YbTRZSGdqWFREWmlCdXlMbkFLb2J1dEE0clY2QXpibHluU0MKNlRRdGlXQWMyVEl1WitYL1k0cW9WY0hDeDZXZzVUYnpQNlFUa0R4aC81KzZ3Z29qbkNJUlNyUXRFQ21IeW1OMQpTeWFMTTQzdlhZMm0vZXN2bEZFQ0F3RUFBYU5DTUVBd0RnWURWUjBQQVFIL0JBUURBZ0trTUE4R0ExVWRFd0VCCi93UUZNQU1CQWY4d0hRWURWUjBPQkJZRUZGOHNnMmpKRWpOd0hXTzFyUDdJZlVYQ0Nxc3ZNQTBHQ1NxR1NJYjMKRFFFQkN3VUFBNElCQVFCNkh2VmJXbThmUDdLbit4cGpLRWtLK0lYM1kzazFPd0FXMVNkSlVVK2xtNzVjYU96bwpIWDc2VzNycklQSUpUcG9xNWt4QUl6OTBOUC9qTGI5ZnFvTGFKUVRJckIyZmtDV3RXb0szQ1hoaE03cGZnNGtaClZDT0hNaklFMGd4ZFBrUXowbURncVJKTGd0cEI2TURZMVpMMVJBZFRPUlZQcFJYMWY3TGZ2THdpLzB1K0JTUjcKUUJQeWFTMjhCejZOd0Z0NXBJTkdwQWRab0xQcldTVjNXalVOQUdralB1MmNrYkRKSWh4OXhWdHhMelFJTHJPcQprQUIzeEsyaC9jNEVDb0hzQVZjN1hzY1BLQkF0Z3p2eEtBdzV6djJtY3JGSzBsanZINVZ5NjJ1d21XRGpuRVc0CnB6VE5TeFppeEFDWUxTak5hOWxSd1NJZjVjdWdWdnhLWStoSAotLS0tLUVORCBDRVJUSUZJQ0FURS0tLS0tCg==",
      "type": "string"
    }
  },
  "resources": [
    {
      "mode": "managed",
      "type": "aws_eks_cluster",
      "name": "example",
      "provider": "provider.aws",
      "instances": [
        {
          "schema_version": 0,
          "attributes": {
            "arn": "arn:aws:eks:ap-south-1:140839674073:cluster/harshad",
            "certificate_authority": [
              {
                "data": "LS0tLS1CRUdJTiBDRVJUSUZJQ0FURS0tLS0tCk1JSUM1ekNDQWMrZ0F3SUJBZ0lCQURBTkJna3Foa2lHOXcwQkFRc0ZBREFWTVJNd0VRWURWUVFERXdwcmRXSmwKY201bGRHVnpNQjRYRFRJeE1EY3hNVEV4TURjMU5Gb1hEVE14TURjd09URXhNRGMxTkZvd0ZURVRNQkVHQTFVRQpBeE1LYTNWaVpYSnVaWFJsY3pDQ0FTSXdEUVlKS29aSWh2Y05BUUVCQlFBRGdnRVBBRENDQVFvQ2dnRUJBTUpQCkdqekRBYUlVMDF6V0hmMlRqQzd3MjBkVUNEeXg1cWl1cC9IeUJPWUFHem9RTW9QRytnNVlGMExKK2Jtb1dzMFgKb1dvTGdxbzdheHovVzRKQ1pUTXkrdUlnaEhQV3F4Rk8rTkFGbGh4c0l6RHRQdytrS2o1Q0RjMkEzaVNxN0lOQQpJZ3p5eGZyOVFTcm5KdHZKb2l4ZEZCUEVtYU9wY3BrMk83SXR5TzMvODRCKzhmT0FYa1N4ekgzeXBuREpLOFBNCnV5ejE5YzRkdHpPVElYbVRKUWlWU29udEhyUW5YbTRZSGdqWFREWmlCdXlMbkFLb2J1dEE0clY2QXpibHluU0MKNlRRdGlXQWMyVEl1WitYL1k0cW9WY0hDeDZXZzVUYnpQNlFUa0R4aC81KzZ3Z29qbkNJUlNyUXRFQ21IeW1OMQpTeWFMTTQzdlhZMm0vZXN2bEZFQ0F3RUFBYU5DTUVBd0RnWURWUjBQQVFIL0JBUURBZ0trTUE4R0ExVWRFd0VCCi93UUZNQU1CQWY4d0hRWURWUjBPQkJZRUZGOHNnMmpKRWpOd0hXTzFyUDdJZlVYQ0Nxc3ZNQTBHQ1NxR1NJYjMKRFFFQkN3VUFBNElCQVFCNkh2VmJXbThmUDdLbit4cGpLRWtLK0lYM1kzazFPd0FXMVNkSlVVK2xtNzVjYU96bwpIWDc2VzNycklQSUpUcG9xNWt4QUl6OTBOUC9qTGI5ZnFvTGFKUVRJckIyZmtDV3RXb0szQ1hoaE03cGZnNGtaClZDT0hNaklFMGd4ZFBrUXowbURncVJKTGd0cEI2TURZMVpMMVJBZFRPUlZQcFJYMWY3TGZ2THdpLzB1K0JTUjcKUUJQeWFTMjhCejZOd0Z0NXBJTkdwQWRab0xQcldTVjNXalVOQUdralB1MmNrYkRKSWh4OXhWdHhMelFJTHJPcQprQUIzeEsyaC9jNEVDb0hzQVZjN1hzY1BLQkF0Z3p2eEtBdzV6djJtY3JGSzBsanZINVZ5NjJ1d21XRGpuRVc0CnB6VE5TeFppeEFDWUxTak5hOWxSd1NJZjVjdWdWdnhLWStoSAotLS0tLUVORCBDRVJUSUZJQ0FURS0tLS0tCg=="
              }
            ],
            "created_at": "2021-07-11 11:02:41.188 +0000 UTC",
            "enabled_cluster_log_types": null,
            "encryption_config": [],
            "endpoint": "https://17964AC1002B247B6E9E02F9771D2C05.gr7.ap-south-1.eks.amazonaws.com",
            "id": "harshad",
            "identity": [
              {
                "oidc": [
                  {
                    "issuer": "https://oidc.eks.ap-south-1.amazonaws.com/id/17964AC1002B247B6E9E02F9771D2C05"
                  }
                ]
              }
            ],
            "kubernetes_network_config": [
              {
                "service_ipv4_cidr": "10.100.0.0/16"
              }
            ],
            "name": "harshad",
            "platform_version": "eks.5",
            "role_arn": "arn:aws:iam::140839674073:role/eks-cluster-example",
            "status": "ACTIVE",
            "tags": null,
            "timeouts": null,
            "version": "1.19",
            "vpc_config": [
              {
                "cluster_security_group_id": "sg-0d76e273527fdea82",
                "endpoint_private_access": false,
                "endpoint_public_access": true,
                "public_access_cidrs": [
                  "0.0.0.0/0"
                ],
                "security_group_ids": [
                  "sg-08c51f47131704c99"
                ],
                "subnet_ids": [
                  "subnet-168aff5a",
                  "subnet-b76364df"
                ],
                "vpc_id": "vpc-a50b15cd"
              }
            ]
          },
          "private": "eyJlMmJmYjczMC1lY2FhLTExZTYtOGY4OC0zNDM2M2JjN2M0YzAiOnsiY3JlYXRlIjoxODAwMDAwMDAwMDAwLCJkZWxldGUiOjkwMDAwMDAwMDAwMCwidXBkYXRlIjozNjAwMDAwMDAwMDAwfX0=",
          "dependencies": [
            "aws_iam_role.example",
            "aws_iam_role_policy_attachment.example-AmazonEKSClusterPolicy",
            "aws_iam_role_policy_attachment.example-AmazonEKSServicePolicy"
          ]
        }
      ]
    },
    {
      "mode": "managed",
      "type": "aws_iam_role",
      "name": "example",
      "provider": "provider.aws",
      "instances": [
        {
          "schema_version": 0,
          "attributes": {
            "arn": "arn:aws:iam::140839674073:role/eks-cluster-example",
            "assume_role_policy": "{\"Version\":\"2012-10-17\",\"Statement\":[{\"Effect\":\"Allow\",\"Principal\":{\"Service\":\"eks.amazonaws.com\"},\"Action\":\"sts:AssumeRole\"}]}",
            "create_date": "2021-07-11T11:02:27Z",
            "description": "",
            "force_detach_policies": false,
            "id": "eks-cluster-example",
            "inline_policy": [
              {
                "name": "",
                "policy": ""
              }
            ],
            "managed_policy_arns": [],
            "max_session_duration": 3600,
            "name": "eks-cluster-example",
            "name_prefix": null,
            "path": "/",
            "permissions_boundary": null,
            "tags": null,
            "unique_id": "AROASBSVS4DMVTWAIIXQV"
          },
          "private": "bnVsbA=="
        }
      ]
    },
    {
      "mode": "managed",
      "type": "aws_iam_role_policy_attachment",
      "name": "example-AmazonEKSClusterPolicy",
      "provider": "provider.aws",
      "instances": [
        {
          "schema_version": 0,
          "attributes": {
            "id": "eks-cluster-example-20210711110236012200000002",
            "policy_arn": "arn:aws:iam::aws:policy/AmazonEKSClusterPolicy",
            "role": "eks-cluster-example"
          },
          "private": "bnVsbA==",
          "dependencies": [
            "aws_iam_role.example"
          ]
        }
      ]
    },
    {
      "mode": "managed",
      "type": "aws_iam_role_policy_attachment",
      "name": "example-AmazonEKSServicePolicy",
      "provider": "provider.aws",
      "instances": [
        {
          "schema_version": 0,
          "attributes": {
            "id": "eks-cluster-example-20210711110236010100000001",
            "policy_arn": "arn:aws:iam::aws:policy/AmazonEKSServicePolicy",
            "role": "eks-cluster-example"
          },
          "private": "bnVsbA==",
          "dependencies": [
            "aws_iam_role.example"
          ]
        }
      ]
    }
  ]
}
